hash: 00a1ce9d73cd2a14c04933b055faf4fd6fa1aba39f01c327330fe0b1381797db
updated: 2017-01-29T11:56:37.882492408+03:00
imports:
- name: github.com/fsnotify/fsnotify
  version: a904159b9206978bb6d53fcc7a769e5cd726c737
- name: github.com/haochi/blockhash-go
  version: e3fd74495b89a4e1f4b638ff29c680656d2e3df1
- name: github.com/hashicorp/hcl
  version: db4f0768927a665a06c32855186e1bc762bcc8f5
  subpackages:
  - hcl/ast
  - hcl/parser
  - hcl/scanner
  - hcl/strconv
  - hcl/token
  - json/parser
  - json/scanner
  - json/token
- name: github.com/magiconair/properties
  version: b3b15ef068fd0b17ddf408a23669f20811d194d2
- name: github.com/mitchellh/mapstructure
  version: db1efb556f84b25a0a13a04aad883943538ad2e0
- name: github.com/nlopes/slack
  version: 56b573d4524ea3daaf0d2611eabe2d897f76adda
- name: github.com/pelletier/go-buffruneio
  version: df1e16fde7fc330a0ca68167c23bf7ed6ac31d6d
- name: github.com/pelletier/go-toml
  version: a1f048ba24490f9b0674a67e1ce995d685cddf4a
- name: github.com/spf13/afero
  version: 72b31426848c6ef12a7a8e216708cb0d1530f074
  subpackages:
  - mem
- name: github.com/spf13/cast
  version: d1139bab1c07d5ad390a65e7305876b3c1a8370b
- name: github.com/spf13/jwalterweatherman
  version: fa7ca7e836cf3a8bb4ebf799f472c12d7e903d66
- name: github.com/spf13/pflag
  version: a9a634f3de0a7529baded7ad6b0c7467d5c6eca7
- name: github.com/steakknife/hamming
  version: 5ac3f73b8842df21423978fbbeb5166670f6f73e
- name: github.com/vmihailenco/msgpack
  version: a1382b1ce0c749733b814157c245e02cc1f41076
- name: golang.org/x/sys
  version: d75a52659825e75fff6158388dddc6a5b04f9ba5
  subpackages:
  - unix
- name: golang.org/x/text
  version: ece019dcfd29abcf65d0d1dfe145e8faad097640
  subpackages:
  - transform
  - unicode/norm
- name: gopkg.in/redis.v5
  version: 9cd49656897843b8f2bf3d9639230cb7aec90d6c
  subpackages:
  - internal
  - internal/consistenthash
  - internal/hashtag
  - internal/pool
  - internal/proto
- name: gopkg.in/Sirupsen/logrus.v0
  version: d26492970760ca5d33129d2d799e34be5c4782eb
- name: gopkg.in/spf13/viper.v0
  version: 5ed0fc31f7f453625df314d8e66b9791e8d13003
- name: gopkg.in/yaml.v2
  version: 4c78c975fe7c825c6d1466c42be594d1d6f3aba6
testImports: []
