hash: 364a95dce4d3b88a1892a6a0032f730a399e2f15410fa1f8e4dce51e842a1f2a
updated: 2017-04-16T13:11:08.861068599+03:00
imports:
- name: github.com/fsnotify/fsnotify
  version: 4da3e2cfbabc9f751898f250b49f2439785783a1
- name: github.com/golang/protobuf
  version: 2bba0603135d7d7f5cb73b2125beeda19c09f4ef
  subpackages:
  - proto
- name: github.com/haochi/blockhash-go
  version: e3fd74495b89a4e1f4b638ff29c680656d2e3df1
- name: github.com/hashicorp/hcl
  version: 630949a3c5fa3c613328e1b8256052cbc2327c9b
  subpackages:
  - hcl/ast
  - hcl/parser
  - hcl/scanner
  - hcl/strconv
  - hcl/token
  - json/parser
  - json/scanner
  - json/token
- name: github.com/ivpusic/grpool
  version: 3d8061b266d3aa1fef1780ed6fd6bb9daa9ce564
- name: github.com/magiconair/properties
  version: 51463bfca2576e06c62a8504b5c0f06d61312647
- name: github.com/mitchellh/mapstructure
  version: 53818660ed4955e899c0bcafa97299a388bd7c8e
- name: github.com/mvdan/xurls
  version: d315b61cf6727664f310fa87b3197e9faf2a8513
- name: github.com/nlopes/slack
  version: 56b573d4524ea3daaf0d2611eabe2d897f76adda
- name: github.com/pelletier/go-buffruneio
  version: c37440a7cf42ac63b919c752ca73a85067e05992
- name: github.com/pelletier/go-toml
  version: fe206efb84b2bc8e8cfafe6b4c1826622be969e3
- name: github.com/spf13/afero
  version: 9be650865eab0c12963d8753212f4f9c66cdcf12
  subpackages:
  - mem
- name: github.com/spf13/cast
  version: acbeb36b902d72a7a4c18e8f3241075e7ab763e4
- name: github.com/spf13/jwalterweatherman
  version: fa7ca7e836cf3a8bb4ebf799f472c12d7e903d66
- name: github.com/spf13/pflag
  version: e453343e6260b4a3a89f1f0e10a2fbb07f8d9750
- name: github.com/steakknife/hamming
  version: 5ac3f73b8842df21423978fbbeb5166670f6f73e
- name: github.com/vmihailenco/msgpack
  version: a1382b1ce0c749733b814157c245e02cc1f41076
- name: golang.org/x/net
  version: f2499483f923065a842d38eb4c7f1927e6fc6e6d
  subpackages:
  - context
- name: golang.org/x/sys
  version: f3918c30c5c2cb527c0b071a27c35120a6c0719a
  subpackages:
  - unix
- name: golang.org/x/text
  version: f4b4367115ec2de254587813edaa901bc1c723a8
  subpackages:
  - transform
  - unicode/norm
- name: google.golang.org/appengine
  version: 170382fa85b10b94728989dfcf6cc818b335c952
  subpackages:
  - datastore
  - internal
  - internal/app_identity
  - internal/base
  - internal/datastore
  - internal/log
  - internal/modules
  - internal/remote_api
- name: gopkg.in/redis.v5
  version: a16aeec10ff407b1e7be6dd35797ccf5426ef0f0
  subpackages:
  - internal
  - internal/consistenthash
  - internal/hashtag
  - internal/pool
  - internal/proto
- name: gopkg.in/Sirupsen/logrus.v0
  version: ba1b36c82c5e05c4f912a88eab0dcd91a171688f
- name: gopkg.in/spf13/viper.v0
  version: 5d46e70da8c0b6f812e0b170b7a985753b5c63cb
- name: gopkg.in/vmihailenco/msgpack.v2
  version: f784471e11a864303cc098fe5c48af8e79628f3e
  subpackages:
  - codes
- name: gopkg.in/yaml.v2
  version: cd8b52f8269e0feb286dfeef29f8fe4d5b397e0b
testImports: []
